
Microsoft Visual Studio Solution File, Format Version 12.00
# Visual Studio Version 16
VisualStudioVersion = 16.0.30907.101
MinimumVisualStudioVersion = 10.0.40219.1
Project("{FAE04EC0-301F-11D3-BF4B-00C04F79EFBC}") = "Kinobuchungssystem", "Kinobuchungssystem\Kinobuchungssystem.csproj", "{ADD3AFA1-23B2-494A-BF98-33A61416C7A8}"
EndProject
Global
	GlobalSection(SolutionConfigurationPlatforms) = preSolution
		Debug|Any CPU = Debug|Any CPU
		Release|Any CPU = Release|Any CPU
	EndGlobalSection
	GlobalSection(ProjectConfigurationPlatforms) = postSolution
		{ADD3AFA1-23B2-494A-BF98-33A61416C7A8}.Debug|Any CPU.ActiveCfg = Debug|Any CPU
		{ADD3AFA1-23B2-494A-BF98-33A61416C7A8}.Debug|Any CPU.Build.0 = Debug|Any CPU
		{ADD3AFA1-23B2-494A-BF98-33A61416C7A8}.Release|Any CPU.ActiveCfg = Release|Any CPU
		{ADD3AFA1-23B2-494A-BF98-33A61416C7A8}.Release|Any CPU.Build.0 = Release|Any CPU
	EndGlobalSection
	GlobalSection(SolutionProperties) = preSolution
		HideSolutionNode = FALSE
	EndGlobalSection
	GlobalSection(ExtensibilityGlobals) = postSolution
		SolutionGuid = {D6166C6A-DBE5-4EBF-88AE-AB68329D71FB}
	EndGlobalSection
EndGlobal
